
Microsoft Visual Studio Solution File, Format Version 12.00
# Visual Studio Version 17
VisualStudioVersion = 17.3.32922.545
MinimumVisualStudioVersion = 10.0.40219.1
Project("{9A19103F-16F7-4668-BE54-9A1E7A4F7556}") = "WebApi", "WebApi\WebApi.csproj", "{929B0804-7024-452A-835F-ECC8D7786E75}"
EndProject
Project("{9A19103F-16F7-4668-BE54-9A1E7A4F7556}") = "Repositories", "Repositories\Repositories.csproj", "{5FDF4A60-E01F-415C-9790-F0CA36CB34B9}"
EndProject
Project("{9A19103F-16F7-4668-BE54-9A1E7A4F7556}") = "Entities", "Entities\Entities.csproj", "{2A7F19ED-A03D-45DF-9893-6B315836005F}"
EndProject
Project("{FAE04EC0-301F-11D3-BF4B-00C04F79EFBC}") = "Services", "Services\Services.csproj", "{9F48D58B-220C-43B2-A953-F36AF52D0ABD}"
EndProject
Project("{FAE04EC0-301F-11D3-BF4B-00C04F79EFBC}") = "Presentation", "Presentation\Presentation.csproj", "{0057CBBF-F055-462C-8F31-349F490647A9}"
EndProject
Global
	GlobalSection(SolutionConfigurationPlatforms) = preSolution
		Debug|Any CPU = Debug|Any CPU
		Release|Any CPU = Release|Any CPU
	EndGlobalSection
	GlobalSection(ProjectConfigurationPlatforms) = postSolution
		{929B0804-7024-452A-835F-ECC8D7786E75}.Debug|Any CPU.ActiveCfg = Debug|Any CPU
		{929B0804-7024-452A-835F-ECC8D7786E75}.Debug|Any CPU.Build.0 = Debug|Any CPU
		{929B0804-7024-452A-835F-ECC8D7786E75}.Release|Any CPU.ActiveCfg = Release|Any CPU
		{929B0804-7024-452A-835F-ECC8D7786E75}.Release|Any CPU.Build.0 = Release|Any CPU
		{5FDF4A60-E01F-415C-9790-F0CA36CB34B9}.Debug|Any CPU.ActiveCfg = Debug|Any CPU
		{5FDF4A60-E01F-415C-9790-F0CA36CB34B9}.Debug|Any CPU.Build.0 = Debug|Any CPU
		{5FDF4A60-E01F-415C-9790-F0CA36CB34B9}.Release|Any CPU.ActiveCfg = Release|Any CPU
		{5FDF4A60-E01F-415C-9790-F0CA36CB34B9}.Release|Any CPU.Build.0 = Release|Any CPU
		{2A7F19ED-A03D-45DF-9893-6B315836005F}.Debug|Any CPU.ActiveCfg = Debug|Any CPU
		{2A7F19ED-A03D-45DF-9893-6B315836005F}.Debug|Any CPU.Build.0 = Debug|Any CPU
		{2A7F19ED-A03D-45DF-9893-6B315836005F}.Release|Any CPU.ActiveCfg = Release|Any CPU
		{2A7F19ED-A03D-45DF-9893-6B315836005F}.Release|Any CPU.Build.0 = Release|Any CPU
		{9F48D58B-220C-43B2-A953-F36AF52D0ABD}.Debug|Any CPU.ActiveCfg = Debug|Any CPU
		{9F48D58B-220C-43B2-A953-F36AF52D0ABD}.Debug|Any CPU.Build.0 = Debug|Any CPU
		{9F48D58B-220C-43B2-A953-F36AF52D0ABD}.Release|Any CPU.ActiveCfg = Release|Any CPU
		{9F48D58B-220C-43B2-A953-F36AF52D0ABD}.Release|Any CPU.Build.0 = Release|Any CPU
		{0057CBBF-F055-462C-8F31-349F490647A9}.Debug|Any CPU.ActiveCfg = Debug|Any CPU
		{0057CBBF-F055-462C-8F31-349F490647A9}.Debug|Any CPU.Build.0 = Debug|Any CPU
		{0057CBBF-F055-462C-8F31-349F490647A9}.Release|Any CPU.ActiveCfg = Release|Any CPU
		{0057CBBF-F055-462C-8F31-349F490647A9}.Release|Any CPU.Build.0 = Release|Any CPU
	EndGlobalSection
	GlobalSection(SolutionProperties) = preSolution
		HideSolutionNode = FALSE
	EndGlobalSection
	GlobalSection(ExtensibilityGlobals) = postSolution
		SolutionGuid = {FC2D5B29-0403-487A-94AD-79305977E584}
	EndGlobalSection
EndGlobal
